PODS:
  - Masonry (1.1.0)
  - ReactiveObjC (3.1.1)
  - RxCocoa (6.2.0):
    - RxRelay (= 6.2.0)
    - RxSwift (= 6.2.0)
  - RxRelay (6.2.0):
    - RxSwift (= 6.2.0)
  - RxSwift (6.2.0)
  - SnapKit (4.2.0)

DEPENDENCIES:
  - Masonry
  - ReactiveObjC
  - RxCocoa
  - RxRelay
  - RxSwift
  - SnapKit

SPEC REPOS:
  trunk:
    - Masonry
    - ReactiveObjC
    - RxCocoa
    - RxRelay
    - RxSwift
    - SnapKit

SPEC CHECKSUMS:
  Masonry: 678fab65091a9290e40e2832a55e7ab731aad201
  ReactiveObjC: 011caa393aa0383245f2dcf9bf02e86b80b36040
  RxCocoa: 4baf94bb35f2c0ab31bc0cb9f1900155f646ba42
  RxRelay: e72dbfd157807478401ef1982e1c61c945c94b2f
  RxSwift: d356ab7bee873611322f134c5f9ef379fa183d8f
  SnapKit: fe8a619752f3f27075cc9a90244d75c6c3f27e2a

PODFILE CHECKSUM: 143c904a9d040f5586a7196a5777a0735cccc792

COCOAPODS: 1.11.3
